// !$*UTF8*$!
{
	archiveVersion = 1;
	classes = {
	};
	objectVersion = 46;
	objects = {

/* Begin PBXBuildFile section */
		15F4D46015FBBC9B00B79574 /* RegistroController.m in Sources */ = {isa = PBXBuildFile; fileRef = 15F4D45E15FBBC9A00B79574 /* RegistroController.m */; };
		15F4D46115FBBC9B00B79574 /* RegistroController.xib in Resources */ = {isa = PBXBuildFile; fileRef = 15F4D45F15FBBC9A00B79574 /* RegistroController.xib */; };
		15F4D47615FBF00400B79574 /* login-boton-registro.png in Resources */ = {isa = PBXBuildFile; fileRef = 15F4D47515FBF00400B79574 /* login-boton-registro.png */; };
		593FA84815FAB3EF00CA156A /* UIKit.framework in Frameworks */ = {isa = PBXBuildFile; fileRef = 593FA84715FAB3EF00CA156A /* UIKit.framework */; };
		593FA84A15FAB3EF00CA156A /* Foundation.framework in Frameworks */ = {isa = PBXBuildFile; fileRef = 593FA84915FAB3EF00CA156A /* Foundation.framework */; };
		593FA84C15FAB3EF00CA156A /* CoreGraphics.framework in Frameworks */ = {isa = PBXBuildFile; fileRef = 593FA84B15FAB3EF00CA156A /* CoreGraphics.framework */; };
		593FA85215FAB3EF00CA156A /* InfoPlist.strings in Resources */ = {isa = PBXBuildFile; fileRef = 593FA85015FAB3EF00CA156A /* InfoPlist.strings */; };
		593FA85415FAB3EF00CA156A /* main.m in Sources */ = {isa = PBXBuildFile; fileRef = 593FA85315FAB3EF00CA156A /* main.m */; };
		593FA85815FAB3EF00CA156A /* AppDelegate.m in Sources */ = {isa = PBXBuildFile; fileRef = 593FA85715FAB3EF00CA156A /* AppDelegate.m */; };
		593FA85B15FAB3EF00CA156A /* LoginController.m in Sources */ = {isa = PBXBuildFile; fileRef = 593FA85A15FAB3EF00CA156A /* LoginController.m */; };
		593FA85E15FAB3EF00CA156A /* LoginController.xib in Resources */ = {isa = PBXBuildFile; fileRef = 593FA85C15FAB3EF00CA156A /* LoginController.xib */; };
		593FA86615FAB3EF00CA156A /* SenTestingKit.framework in Frameworks */ = {isa = PBXBuildFile; fileRef = 593FA86515FAB3EF00CA156A /* SenTestingKit.framework */; };
		593FA86715FAB3EF00CA156A /* UIKit.framework in Frameworks */ = {isa = PBXBuildFile; fileRef = 593FA84715FAB3EF00CA156A /* UIKit.framework */; };
		593FA86815FAB3EF00CA156A /* Foundation.framework in Frameworks */ = {isa = PBXBuildFile; fileRef = 593FA84915FAB3EF00CA156A /* Foundation.framework */; };
		593FA87015FAB3EF00CA156A /* InfoPlist.strings in Resources */ = {isa = PBXBuildFile; fileRef = 593FA86E15FAB3EF00CA156A /* InfoPlist.strings */; };
		593FA87315FAB3EF00CA156A /* CiudadMovilDraconianTests.m in Sources */ = {isa = PBXBuildFile; fileRef = 593FA87215FAB3EF00CA156A /* CiudadMovilDraconianTests.m */; };
		593FAD9715FB1A0600CA156A /* CFNetwork.framework in Frameworks */ = {isa = PBXBuildFile; fileRef = 593FAD9615FB1A0600CA156A /* CFNetwork.framework */; };
		593FAD9915FB1A6800CA156A /* CoreData.framework in Frameworks */ = {isa = PBXBuildFile; fileRef = 593FAD9815FB1A6800CA156A /* CoreData.framework */; };
		593FAD9B15FB1A7B00CA156A /* Security.framework in Frameworks */ = {isa = PBXBuildFile; fileRef = 593FAD9A15FB1A7B00CA156A /* Security.framework */; };
		593FAD9D15FB1A8B00CA156A /* MobileCoreServices.framework in Frameworks */ = {isa = PBXBuildFile; fileRef = 593FAD9C15FB1A8B00CA156A /* MobileCoreServices.framework */; };
		593FAD9F15FB1A9700CA156A /* SystemConfiguration.framework in Frameworks */ = {isa = PBXBuildFile; fileRef = 593FAD9E15FB1A9700CA156A /* SystemConfiguration.framework */; };
		593FADA115FB1AB800CA156A /* libxml2.dylib in Frameworks */ = {isa = PBXBuildFile; fileRef = 593FADA015FB1AB800CA156A /* libxml2.dylib */; };
		593FADA315FB1AC400CA156A /* QuartzCore.framework in Frameworks */ = {isa = PBXBuildFile; fileRef = 593FADA215FB1AC400CA156A /* QuartzCore.framework */; };
		593FADA415FB1ADD00CA156A /* libRestKit.a in Frameworks */ = {isa = PBXBuildFile; fileRef = 593FAD7515FB18D800CA156A /* libRestKit.a */; };
		593FAE1B15FB422000CA156A /* icono-taxi-si.png in Resources */ = {isa = PBXBuildFile; fileRef = 593FAE1915FB422000CA156A /* icono-taxi-si.png */; };
		593FAE2115FB457000CA156A /* icono-taxi-si-retina.png in Resources */ = {isa = PBXBuildFile; fileRef = 593FAE2015FB457000CA156A /* icono-taxi-si-retina.png */; };
		5989FC3815FB9835004690EE /* login-background.png in Resources */ = {isa = PBXBuildFile; fileRef = 5989FC3715FB9835004690EE /* login-background.png */; };
		5989FC3B15FBA33D004690EE /* navigation-bar.png in Resources */ = {isa = PBXBuildFile; fileRef = 5989FC3A15FBA33D004690EE /* navigation-bar.png */; };
		5989FC3F15FBA373004690EE /* tab-config.png in Resources */ = {isa = PBXBuildFile; fileRef = 5989FC3C15FBA373004690EE /* tab-config.png */; };
		5989FC4015FBA373004690EE /* tab-mi-viaje.png in Resources */ = {isa = PBXBuildFile; fileRef = 5989FC3D15FBA373004690EE /* tab-mi-viaje.png */; };
		5989FC4115FBA373004690EE /* tab-taxi-si.png in Resources */ = {isa = PBXBuildFile; fileRef = 5989FC3E15FBA373004690EE /* tab-taxi-si.png */; };
		5989FC4415FBA966004690EE /* TSRequest.m in Sources */ = {isa = PBXBuildFile; fileRef = 5989FC4315FBA966004690EE /* TSRequest.m */; };
		5989FC4A15FBAA9F004690EE /* TaxiSiService.m in Sources */ = {isa = PBXBuildFile; fileRef = 5989FC4915FBAA9F004690EE /* TaxiSiService.m */; };
		5989FC4E15FBAB6A004690EE /* TSUser.m in Sources */ = {isa = PBXBuildFile; fileRef = 5989FC4D15FBAB6A004690EE /* TSUser.m */; };
		5989FC5115FBAB81004690EE /* TSTaxi.m in Sources */ = {isa = PBXBuildFile; fileRef = 5989FC5015FBAB81004690EE /* TSTaxi.m */; };
		5989FC5415FBACE2004690EE /* TSIncidente.m in Sources */ = {isa = PBXBuildFile; fileRef = 5989FC5315FBACE2004690EE /* TSIncidente.m */; };
		5989FC5715FBACF2004690EE /* TSObra.m in Sources */ = {isa = PBXBuildFile; fileRef = 5989FC5615FBACF2004690EE /* TSObra.m */; };
		5989FC5A15FBAD18004690EE /* TSSitio.m in Sources */ = {isa = PBXBuildFile; fileRef = 5989FC5915FBAD18004690EE /* TSSitio.m */; };
		5989FC5D15FBAEAB004690EE /* TSChofer.m in Sources */ = {isa = PBXBuildFile; fileRef = 5989FC5C15FBAEAB004690EE /* TSChofer.m */; };
		5989FC6015FBAF57004690EE /* TSTarjeton.m in Sources */ = {isa = PBXBuildFile; fileRef = 5989FC5F15FBAF57004690EE /* TSTarjeton.m */; };
		5989FC7915FBBCEE004690EE /* SyncSingleton.m in Sources */ = {isa = PBXBuildFile; fileRef = 5989FC7815FBBCEE004690EE /* SyncSingleton.m */; };
		5989FC7C15FBCF6D004690EE /* TSPasajero.m in Sources */ = {isa = PBXBuildFile; fileRef = 5989FC7B15FBCF6D004690EE /* TSPasajero.m */; };
		5989FC7F15FBD779004690EE /* TaxiSiType.m in Sources */ = {isa = PBXBuildFile; fileRef = 5989FC7E15FBD779004690EE /* TaxiSiType.m */; };
		5989FC8215FBEFD2004690EE /* WebLoad.m in Sources */ = {isa = PBXBuildFile; fileRef = 5989FC8115FBEFD2004690EE /* WebLoad.m */; };
		59FA827A15FB501900A048A2 /* taxi-si-launch.png in Resources */ = {isa = PBXBuildFile; fileRef = 59FA827915FB501900A048A2 /* taxi-si-launch.png */; };
		59FA827C15FB502500A048A2 /* Default.png in Resources */ = {isa = PBXBuildFile; fileRef = 59FA827B15FB502500A048A2 /* Default.png */; };
		59FA828015FB7D4500A048A2 /* MainTabViewController.m in Sources */ = {isa = PBXBuildFile; fileRef = 59FA827E15FB7D4500A048A2 /* MainTabViewController.m */; };
		59FA828115FB7D4500A048A2 /* MainTabViewController.xib in Resources */ = {isa = PBXBuildFile; fileRef = 59FA827F15FB7D4500A048A2 /* MainTabViewController.xib */; };
		59FA828D15FB803F00A048A2 /* ParentConfigViewController.m in Sources */ = {isa = PBXBuildFile; fileRef = 59FA828B15FB803F00A048A2 /* ParentConfigViewController.m */; };
		59FA828E15FB803F00A048A2 /* ParentConfigViewController.xib in Resources */ = {isa = PBXBuildFile; fileRef = 59FA828C15FB803F00A048A2 /* ParentConfigViewController.xib */; };
		59FA829215FB806300A048A2 /* ConfigViewController.m in Sources */ = {isa = PBXBuildFile; fileRef = 59FA829015FB806300A048A2 /* ConfigViewController.m */; };
		59FA829315FB806300A048A2 /* ConfigViewController.xib in Resources */ = {isa = PBXBuildFile; fileRef = 59FA829115FB806300A048A2 /* ConfigViewController.xib */; };
		59FA829715FB809D00A048A2 /* ParentMiViajeViewController.m in Sources */ = {isa = PBXBuildFile; fileRef = 59FA829515FB809D00A048A2 /* ParentMiViajeViewController.m */; };
		59FA829815FB809D00A048A2 /* ParentMiViajeViewController.xib in Resources */ = {isa = PBXBuildFile; fileRef = 59FA829615FB809D00A048A2 /* ParentMiViajeViewController.xib */; };
		59FA829C15FB80B500A048A2 /* MiViajeViewController.m in Sources */ = {isa = PBXBuildFile; fileRef = 59FA829A15FB80B500A048A2 /* MiViajeViewController.m */; };
		59FA829D15FB80B500A048A2 /* MiViajeViewController.xib in Resources */ = {isa = PBXBuildFile; fileRef = 59FA829B15FB80B500A048A2 /* MiViajeViewController.xib */; };
		59FA82A115FB80F800A048A2 /* ParentTaxiSiViewController.m in Sources */ = {isa = PBXBuildFile; fileRef = 59FA829F15FB80F800A048A2 /* ParentTaxiSiViewController.m */; };
		59FA82A215FB80F800A048A2 /* ParentTaxiSiViewController.xib in Resources */ = {isa = PBXBuildFile; fileRef = 59FA82A015FB80F800A048A2 /* ParentTaxiSiViewController.xib */; };
		59FA82A615FB810B00A048A2 /* TaxiSiViewController.m in Sources */ = {isa = PBXBuildFile; fileRef = 59FA82A415FB810B00A048A2 /* TaxiSiViewController.m */; };
		59FA82A715FB810B00A048A2 /* TaxiSiViewController.xib in Resources */ = {isa = PBXBuildFile; fileRef = 59FA82A515FB810B00A048A2 /* TaxiSiViewController.xib */; };
		59FA82AA15FB87DF00A048A2 /* CiudadPinAnotation.m in Sources */ = {isa = PBXBuildFile; fileRef = 59FA82A915FB87DF00A048A2 /* CiudadPinAnotation.m */; };
		59FA82B915FB8C6900A048A2 /* MapKit.framework in Frameworks */ = {isa = PBXBuildFile; fileRef = 59FA82B815FB8C6800A048A2 /* MapKit.framework */; };
		59FA82BD15FB967300A048A2 /* login-boton-entrar.png in Resources */ = {isa = PBXBuildFile; fileRef = 59FA82BA15FB967300A048A2 /* login-boton-entrar.png */; };
/* End PBXBuildFile section */

/* Begin PBXContainerItemProxy section */
		593FA86915FAB3EF00CA156A /* PBXContainerItemProxy */ = {
			isa = PBXContainerItemProxy;
			containerPortal = 593FA83A15FAB3EF00CA156A /* Project object */;
			proxyType = 1;
			remoteGlobalIDString = 593FA84215FAB3EF00CA156A;
			remoteInfo = CiudadMovilDraconian;
		};
		593FAD7415FB18D800CA156A /* PBXContainerItemProxy */ = {
			isa = PBXContainerItemProxy;
			containerPortal = 593FAD6915FB18D800CA156A /* RestKit.xcodeproj */;
			proxyType = 2;
			remoteGlobalIDString = 25160D1614564E810060A5C5;
			remoteInfo = RestKit;
		};
		593FAD7615FB18D800CA156A /* PBXContainerItemProxy */ = {
			isa = PBXContainerItemProxy;
			containerPortal = 593FAD6915FB18D800CA156A /* RestKit.xcodeproj */;
			proxyType = 2;
			remoteGlobalIDString = 25160D2614564E820060A5C5;
			remoteInfo = RestKitTests;
		};
		593FAD7815FB18D800CA156A /* PBXContainerItemProxy */ = {
			isa = PBXContainerItemProxy;
			containerPortal = 593FAD6915FB18D800CA156A /* RestKit.xcodeproj */;
			proxyType = 2;
			remoteGlobalIDString = 25160E62145651060060A5C5;
			remoteInfo = RestKitFramework;
		};
		593FAD7A15FB18D800CA156A /* PBXContainerItemProxy */ = {
			isa = PBXContainerItemProxy;
			containerPortal = 593FAD6915FB18D800CA156A /* RestKit.xcodeproj */;
			proxyType = 2;
			remoteGlobalIDString = 25160E78145651060060A5C5;
			remoteInfo = RestKitFrameworkTests;
		};
		593FAD7C15FB18D800CA156A /* PBXContainerItemProxy */ = {
			isa = PBXContainerItemProxy;
			containerPortal = 593FAD6915FB18D800CA156A /* RestKit.xcodeproj */;
			proxyType = 2;
			remoteGlobalIDString = 259C301615128079003066A2;
			remoteInfo = RestKitResources;
		};
		593FAD9415FB19EE00CA156A /* PBXContainerItemProxy */ = {
			isa = PBXContainerItemProxy;
			containerPortal = 593FAD6915FB18D800CA156A /* RestKit.xcodeproj */;
			proxyType = 1;
			remoteGlobalIDString = 25160D1514564E810060A5C5;
			remoteInfo = RestKit;
		};
/* End PBXContainerItemProxy section */

/* Begin PBXFileReference section */
		15F4D45D15FBBC9900B79574 /* RegistroController.h */ = {isa = PBXFileReference; fileEncoding = 4; lastKnownFileType = sourcecode.c.h; name = RegistroController.h; path = ../RegistroController.h; sourceTree = "<group>"; };
		15F4D45E15FBBC9A00B79574 /* RegistroController.m */ = {isa = PBXFileReference; fileEncoding = 4; lastKnownFileType = sourcecode.c.objc; name = RegistroController.m; path = ../RegistroController.m; sourceTree = "<group>"; };
		15F4D45F15FBBC9A00B79574 /* RegistroController.xib */ = {isa = PBXFileReference; fileEncoding = 4; lastKnownFileType = file.xib; name = RegistroController.xib; path = ../RegistroController.xib; sourceTree = "<group>"; };
		15F4D47515FBF00400B79574 /* login-boton-registro.png */ = {isa = PBXFileReference; lastKnownFileType = image.png; path = "login-boton-registro.png"; sourceTree = "<group>"; };
		593FA84315FAB3EF00CA156A /* CiudadMovilDraconian.app */ = {isa = PBXFileReference; explicitFileType = wrapper.application; includeInIndex = 0; path = CiudadMovilDraconian.app; sourceTree = BUILT_PRODUCTS_DIR; };
		593FA84715FAB3EF00CA156A /* UIKit.framework */ = {isa = PBXFileReference; lastKnownFileType = wrapper.framework; name = UIKit.framework; path = System/Library/Frameworks/UIKit.framework; sourceTree = SDKROOT; };
		593FA84915FAB3EF00CA156A /* Foundation.framework */ = {isa = PBXFileReference; lastKnownFileType = wrapper.framework; name = Foundation.framework; path = System/Library/Frameworks/Foundation.framework; sourceTree = SDKROOT; };
		593FA84B15FAB3EF00CA156A /* CoreGraphics.framework */ = {isa = PBXFileReference; lastKnownFileType = wrapper.framework; name = CoreGraphics.framework; path = System/Library/Frameworks/CoreGraphics.framework; sourceTree = SDKROOT; };
		593FA84F15FAB3EF00CA156A /* CiudadMovilDraconian-Info.plist */ = {isa = PBXFileReference; lastKnownFileType = text.plist.xml; path = "CiudadMovilDraconian-Info.plist"; sourceTree = "<group>"; };
		593FA85115FAB3EF00CA156A /* en */ = {isa = PBXFileReference; lastKnownFileType = text.plist.strings; name = en; path = en.lproj/InfoPlist.strings; sourceTree = "<group>"; };
		593FA85315FAB3EF00CA156A /* main.m */ = {isa = PBXFileReference; lastKnownFileType = sourcecode.c.objc; path = main.m; sourceTree = "<group>"; };
		593FA85515FAB3EF00CA156A /* CiudadMovilDraconian-Prefix.pch */ = {isa = PBXFileReference; lastKnownFileType = sourcecode.c.h; path = "CiudadMovilDraconian-Prefix.pch"; sourceTree = "<group>"; };
		593FA85615FAB3EF00CA156A /* AppDelegate.h */ = {isa = PBXFileReference; lastKnownFileType = sourcecode.c.h; path = AppDelegate.h; sourceTree = "<group>"; };
		593FA85715FAB3EF00CA156A /* AppDelegate.m */ = {isa = PBXFileReference; lastKnownFileType = sourcecode.c.objc; path = AppDelegate.m; sourceTree = "<group>"; };
		593FA85915FAB3EF00CA156A /* LoginController.h */ = {isa = PBXFileReference; lastKnownFileType = sourcecode.c.h; path = LoginController.h; sourceTree = "<group>"; };
		593FA85A15FAB3EF00CA156A /* LoginController.m */ = {isa = PBXFileReference; lastKnownFileType = sourcecode.c.objc; path = LoginController.m; sourceTree = "<group>"; };
		593FA85D15FAB3EF00CA156A /* en */ = {isa = PBXFileReference; lastKnownFileType = file.xib; name = en; path = en.lproj/LoginController.xib; sourceTree = "<group>"; };
		593FA86415FAB3EF00CA156A /* CiudadMovilDraconianTests.octest */ = {isa = PBXFileReference; explicitFileType = wrapper.cfbundle; includeInIndex = 0; path = CiudadMovilDraconianTests.octest; sourceTree = BUILT_PRODUCTS_DIR; };
		593FA86515FAB3EF00CA156A /* SenTestingKit.framework */ = {isa = PBXFileReference; lastKnownFileType = wrapper.framework; name = SenTestingKit.framework; path = Library/Frameworks/SenTestingKit.framework; sourceTree = DEVELOPER_DIR; };
		593FA86D15FAB3EF00CA156A /* CiudadMovilDraconianTests-Info.plist */ = {isa = PBXFileReference; lastKnownFileType = text.plist.xml; path = "CiudadMovilDraconianTests-Info.plist"; sourceTree = "<group>"; };
		593FA86F15FAB3EF00CA156A /* en */ = {isa = PBXFileReference; lastKnownFileType = text.plist.strings; name = en; path = en.lproj/InfoPlist.strings; sourceTree = "<group>"; };
		593FA87115FAB3EF00CA156A /* CiudadMovilDraconianTests.h */ = {isa = PBXFileReference; lastKnownFileType = sourcecode.c.h; path = CiudadMovilDraconianTests.h; sourceTree = "<group>"; };
		593FA87215FAB3EF00CA156A /* CiudadMovilDraconianTests.m */ = {isa = PBXFileReference; lastKnownFileType = sourcecode.c.objc; path = CiudadMovilDraconianTests.m; sourceTree = "<group>"; };
		593FAD6915FB18D800CA156A /* RestKit.xcodeproj */ = {isa = PBXFileReference; lastKnownFileType = "wrapper.pb-project"; name = RestKit.xcodeproj; path = RestKit/RestKit.xcodeproj; sourceTree = "<group>"; };
		593FAD9615FB1A0600CA156A /* CFNetwork.framework */ = {isa = PBXFileReference; lastKnownFileType = wrapper.framework; name = CFNetwork.framework; path = System/Library/Frameworks/CFNetwork.framework; sourceTree = SDKROOT; };
		593FAD9815FB1A6800CA156A /* CoreData.framework */ = {isa = PBXFileReference; lastKnownFileType = wrapper.framework; name = CoreData.framework; path = System/Library/Frameworks/CoreData.framework; sourceTree = SDKROOT; };
		593FAD9A15FB1A7B00CA156A /* Security.framework */ = {isa = PBXFileReference; lastKnownFileType = wrapper.framework; name = Security.framework; path = System/Library/Frameworks/Security.framework; sourceTree = SDKROOT; };
		593FAD9C15FB1A8B00CA156A /* MobileCoreServices.framework */ = {isa = PBXFileReference; lastKnownFileType = wrapper.framework; name = MobileCoreServices.framework; path = System/Library/Frameworks/MobileCoreServices.framework; sourceTree = SDKROOT; };
		593FAD9E15FB1A9700CA156A /* SystemConfiguration.framework */ = {isa = PBXFileReference; lastKnownFileType = wrapper.framework; name = SystemConfiguration.framework; path = System/Library/Frameworks/SystemConfiguration.framework; sourceTree = SDKROOT; };
		593FADA015FB1AB800CA156A /* libxml2.dylib */ = {isa = PBXFileReference; lastKnownFileType = "compiled.mach-o.dylib"; name = libxml2.dylib; path = usr/lib/libxml2.dylib; sourceTree = SDKROOT; };
		593FADA215FB1AC400CA156A /* QuartzCore.framework */ = {isa = PBXFileReference; lastKnownFileType = wrapper.framework; name = QuartzCore.framework; path = System/Library/Frameworks/QuartzCore.framework; sourceTree = SDKROOT; };
		593FAE1915FB422000CA156A /* icono-taxi-si.png */ = {isa = PBXFileReference; lastKnownFileType = image.png; path = "icono-taxi-si.png"; sourceTree = "<group>"; };
		593FAE2015FB457000CA156A /* icono-taxi-si-retina.png */ = {isa = PBXFileReference; lastKnownFileType = image.png; path = "icono-taxi-si-retina.png"; sourceTree = "<group>"; };
		5989FC3715FB9835004690EE /* login-background.png */ = {isa = PBXFileReference; lastKnownFileType = image.png; path = "login-background.png"; sourceTree = "<group>"; };
		5989FC3A15FBA33D004690EE /* navigation-bar.png */ = {isa = PBXFileReference; lastKnownFileType = image.png; path = "navigation-bar.png"; sourceTree = "<group>"; };
		5989FC3C15FBA373004690EE /* tab-config.png */ = {isa = PBXFileReference; lastKnownFileType = image.png; path = "tab-config.png"; sourceTree = "<group>"; };
		5989FC3D15FBA373004690EE /* tab-mi-viaje.png */ = {isa = PBXFileReference; lastKnownFileType = image.png; path = "tab-mi-viaje.png"; sourceTree = "<group>"; };
		5989FC3E15FBA373004690EE /* tab-taxi-si.png */ = {isa = PBXFileReference; lastKnownFileType = image.png; path = "tab-taxi-si.png"; sourceTree = "<group>"; };
		5989FC4215FBA966004690EE /* TSRequest.h */ = {isa = PBXFileReference; fileEncoding = 4; lastKnownFileType = sourcecode.c.h; path = TSRequest.h; sourceTree = "<group>"; };
		5989FC4315FBA966004690EE /* TSRequest.m */ = {isa = PBXFileReference; fileEncoding = 4; lastKnownFileType = sourcecode.c.objc; path = TSRequest.m; sourceTree = "<group>"; };
		5989FC4815FBAA9F004690EE /* TaxiSiService.h */ = {isa = PBXFileReference; fileEncoding = 4; lastKnownFileType = sourcecode.c.h; path = TaxiSiService.h; sourceTree = "<group>"; };
		5989FC4915FBAA9F004690EE /* TaxiSiService.m */ = {isa = PBXFileReference; fileEncoding = 4; lastKnownFileType = sourcecode.c.objc; path = TaxiSiService.m; sourceTree = "<group>"; };
		5989FC4C15FBAB6A004690EE /* TSUser.h */ = {isa = PBXFileReference; fileEncoding = 4; lastKnownFileType = sourcecode.c.h; path = TSUser.h; sourceTree = "<group>"; };
		5989FC4D15FBAB6A004690EE /* TSUser.m */ = {isa = PBXFileReference; fileEncoding = 4; lastKnownFileType = sourcecode.c.objc; path = TSUser.m; sourceTree = "<group>"; };
		5989FC4F15FBAB81004690EE /* TSTaxi.h */ = {isa = PBXFileReference; fileEncoding = 4; lastKnownFileType = sourcecode.c.h; path = TSTaxi.h; sourceTree = "<group>"; };
		5989FC5015FBAB81004690EE /* TSTaxi.m */ = {isa = PBXFileReference; fileEncoding = 4; lastKnownFileType = sourcecode.c.objc; path = TSTaxi.m; sourceTree = "<group>"; };
		5989FC5215FBACE2004690EE /* TSIncidente.h */ = {isa = PBXFileReference; fileEncoding = 4; lastKnownFileType = sourcecode.c.h; path = TSIncidente.h; sourceTree = "<group>"; };
		5989FC5315FBACE2004690EE /* TSIncidente.m */ = {isa = PBXFileReference; fileEncoding = 4; lastKnownFileType = sourcecode.c.objc; path = TSIncidente.m; sourceTree = "<group>"; };
		5989FC5515FBACF2004690EE /* TSObra.h */ = {isa = PBXFileReference; fileEncoding = 4; lastKnownFileType = sourcecode.c.h; path = TSObra.h; sourceTree = "<group>"; };
		5989FC5615FBACF2004690EE /* TSObra.m */ = {isa = PBXFileReference; fileEncoding = 4; lastKnownFileType = sourcecode.c.objc; path = TSObra.m; sourceTree = "<group>"; };
		5989FC5815FBAD18004690EE /* TSSitio.h */ = {isa = PBXFileReference; fileEncoding = 4; lastKnownFileType = sourcecode.c.h; path = TSSitio.h; sourceTree = "<group>"; };
		5989FC5915FBAD18004690EE /* TSSitio.m */ = {isa = PBXFileReference; fileEncoding = 4; lastKnownFileType = sourcecode.c.objc; path = TSSitio.m; sourceTree = "<group>"; };
		5989FC5B15FBAEAA004690EE /* TSChofer.h */ = {isa = PBXFileReference; fileEncoding = 4; lastKnownFileType = sourcecode.c.h; path = TSChofer.h; sourceTree = "<group>"; };
		5989FC5C15FBAEAB004690EE /* TSChofer.m */ = {isa = PBXFileReference; fileEncoding = 4; lastKnownFileType = sourcecode.c.objc; path = TSChofer.m; sourceTree = "<group>"; };
		5989FC5E15FBAF57004690EE /* TSTarjeton.h */ = {isa = PBXFileReference; fileEncoding = 4; lastKnownFileType = sourcecode.c.h; path = TSTarjeton.h; sourceTree = "<group>"; };
		5989FC5F15FBAF57004690EE /* TSTarjeton.m */ = {isa = PBXFileReference; fileEncoding = 4; lastKnownFileType = sourcecode.c.objc; path = TSTarjeton.m; sourceTree = "<group>"; };
		5989FC7715FBBCEE004690EE /* SyncSingleton.h */ = {isa = PBXFileReference; fileEncoding = 4; lastKnownFileType = sourcecode.c.h; path = SyncSingleton.h; sourceTree = "<group>"; };
		5989FC7815FBBCEE004690EE /* SyncSingleton.m */ = {isa = PBXFileReference; fileEncoding = 4; lastKnownFileType = sourcecode.c.objc; path = SyncSingleton.m; sourceTree = "<group>"; };
		5989FC7A15FBCF6D004690EE /* TSPasajero.h */ = {isa = PBXFileReference; fileEncoding = 4; lastKnownFileType = sourcecode.c.h; path = TSPasajero.h; sourceTree = "<group>"; };
		5989FC7B15FBCF6D004690EE /* TSPasajero.m */ = {isa = PBXFileReference; fileEncoding = 4; lastKnownFileType = sourcecode.c.objc; path = TSPasajero.m; sourceTree = "<group>"; };
		5989FC7D15FBD779004690EE /* TaxiSiType.h */ = {isa = PBXFileReference; fileEncoding = 4; lastKnownFileType = sourcecode.c.h; path = TaxiSiType.h; sourceTree = "<group>"; };
		5989FC7E15FBD779004690EE /* TaxiSiType.m */ = {isa = PBXFileReference; fileEncoding = 4; lastKnownFileType = sourcecode.c.objc; path = TaxiSiType.m; sourceTree = "<group>"; };
		5989FC8015FBEFD2004690EE /* WebLoad.h */ = {isa = PBXFileReference; fileEncoding = 4; lastKnownFileType = sourcecode.c.h; path = WebLoad.h; sourceTree = "<group>"; };
		5989FC8115FBEFD2004690EE /* WebLoad.m */ = {isa = PBXFileReference; fileEncoding = 4; lastKnownFileType = sourcecode.c.objc; path = WebLoad.m; sourceTree = "<group>"; };
		59FA827915FB501900A048A2 /* taxi-si-launch.png */ = {isa = PBXFileReference; lastKnownFileType = image.png; path = "taxi-si-launch.png"; sourceTree = "<group>"; };
		59FA827B15FB502500A048A2 /* Default.png */ = {isa = PBXFileReference; lastKnownFileType = image.png; name = Default.png; path = ../Default.png; sourceTree = "<group>"; };
		59FA827D15FB7D4500A048A2 /* MainTabViewController.h */ = {isa = PBXFileReference; fileEncoding = 4; lastKnownFileType = sourcecode.c.h; path = MainTabViewController.h; sourceTree = "<group>"; };
		59FA827E15FB7D4500A048A2 /* MainTabViewController.m */ = {isa = PBXFileReference; fileEncoding = 4; lastKnownFileType = sourcecode.c.objc; path = MainTabViewController.m; sourceTree = "<group>"; };
		59FA827F15FB7D4500A048A2 /* MainTabViewController.xib */ = {isa = PBXFileReference; fileEncoding = 4; lastKnownFileType = file.xib; path = MainTabViewController.xib; sourceTree = "<group>"; };
		59FA828A15FB803F00A048A2 /* ParentConfigViewController.h */ = {isa = PBXFileReference; fileEncoding = 4; lastKnownFileType = sourcecode.c.h; path = ParentConfigViewController.h; sourceTree = "<group>"; };
		59FA828B15FB803F00A048A2 /* ParentConfigViewController.m */ = {isa = PBXFileReference; fileEncoding = 4; lastKnownFileType = sourcecode.c.objc; path = ParentConfigViewController.m; sourceTree = "<group>"; };
		59FA828C15FB803F00A048A2 /* ParentConfigViewController.xib */ = {isa = PBXFileReference; fileEncoding = 4; lastKnownFileType = file.xib; path = ParentConfigViewController.xib; sourceTree = "<group>"; };
		59FA828F15FB806300A048A2 /* ConfigViewController.h */ = {isa = PBXFileReference; fileEncoding = 4; lastKnownFileType = sourcecode.c.h; path = ConfigViewController.h; sourceTree = "<group>"; };
		59FA829015FB806300A048A2 /* ConfigViewController.m */ = {isa = PBXFileReference; fileEncoding = 4; lastKnownFileType = sourcecode.c.objc; path = ConfigViewController.m; sourceTree = "<group>"; };
		59FA829115FB806300A048A2 /* ConfigViewController.xib */ = {isa = PBXFileReference; fileEncoding = 4; lastKnownFileType = file.xib; path = ConfigViewController.xib; sourceTree = "<group>"; };
		59FA829415FB809D00A048A2 /* ParentMiViajeViewController.h */ = {isa = PBXFileReference; fileEncoding = 4; lastKnownFileType = sourcecode.c.h; path = ParentMiViajeViewController.h; sourceTree = "<group>"; };
		59FA829515FB809D00A048A2 /* ParentMiViajeViewController.m */ = {isa = PBXFileReference; fileEncoding = 4; lastKnownFileType = sourcecode.c.objc; path = ParentMiViajeViewController.m; sourceTree = "<group>"; };
		59FA829615FB809D00A048A2 /* ParentMiViajeViewController.xib */ = {isa = PBXFileReference; fileEncoding = 4; lastKnownFileType = file.xib; path = ParentMiViajeViewController.xib; sourceTree = "<group>"; };
		59FA829915FB80B500A048A2 /* MiViajeViewController.h */ = {isa = PBXFileReference; fileEncoding = 4; lastKnownFileType = sourcecode.c.h; path = MiViajeViewController.h; sourceTree = "<group>"; };
		59FA829A15FB80B500A048A2 /* MiViajeViewController.m */ = {isa = PBXFileReference; fileEncoding = 4; lastKnownFileType = sourcecode.c.objc; path = MiViajeViewController.m; sourceTree = "<group>"; };
		59FA829B15FB80B500A048A2 /* MiViajeViewController.xib */ = {isa = PBXFileReference; fileEncoding = 4; lastKnownFileType = file.xib; path = MiViajeViewController.xib; sourceTree = "<group>"; };
		59FA829E15FB80F800A048A2 /* ParentTaxiSiViewController.h */ = {isa = PBXFileReference; fileEncoding = 4; lastKnownFileType = sourcecode.c.h; path = ParentTaxiSiViewController.h; sourceTree = "<group>"; };
		59FA829F15FB80F800A048A2 /* ParentTaxiSiViewController.m */ = {isa = PBXFileReference; fileEncoding = 4; lastKnownFileType = sourcecode.c.objc; path = ParentTaxiSiViewController.m; sourceTree = "<group>"; };
		59FA82A015FB80F800A048A2 /* ParentTaxiSiViewController.xib */ = {isa = PBXFileReference; fileEncoding = 4; lastKnownFileType = file.xib; path = ParentTaxiSiViewController.xib; sourceTree = "<group>"; };
		59FA82A315FB810B00A048A2 /* TaxiSiViewController.h */ = {isa = PBXFileReference; fileEncoding = 4; lastKnownFileType = sourcecode.c.h; path = TaxiSiViewController.h; sourceTree = "<group>"; };
		59FA82A415FB810B00A048A2 /* TaxiSiViewController.m */ = {isa = PBXFileReference; fileEncoding = 4; lastKnownFileType = sourcecode.c.objc; path = TaxiSiViewController.m; sourceTree = "<group>"; };
		59FA82A515FB810B00A048A2 /* TaxiSiViewController.xib */ = {isa = PBXFileReference; fileEncoding = 4; lastKnownFileType = file.xib; path = TaxiSiViewController.xib; sourceTree = "<group>"; };
		59FA82A815FB87DF00A048A2 /* CiudadPinAnotation.h */ = {isa = PBXFileReference; fileEncoding = 4; lastKnownFileType = sourcecode.c.h; path = CiudadPinAnotation.h; sourceTree = "<group>"; };
		59FA82A915FB87DF00A048A2 /* CiudadPinAnotation.m */ = {isa = PBXFileReference; fileEncoding = 4; lastKnownFileType = sourcecode.c.objc; path = CiudadPinAnotation.m; sourceTree = "<group>"; };
		59FA82B815FB8C6800A048A2 /* MapKit.framework */ = {isa = PBXFileReference; lastKnownFileType = wrapper.framework; name = MapKit.framework; path = System/Library/Frameworks/MapKit.framework; sourceTree = SDKROOT; };
		59FA82BA15FB967300A048A2 /* login-boton-entrar.png */ = {isa = PBXFileReference; lastKnownFileType = image.png; path = "login-boton-entrar.png"; sourceTree = "<group>"; };
/* End PBXFileReference section */

/* Begin PBXFrameworksBuildPhase section */
		593FA84015FAB3EF00CA156A /* Frameworks */ = {
			isa = PBXFrameworksBuildPhase;
			buildActionMask = 2147483647;
			files = (
				59FA82B915FB8C6900A048A2 /* MapKit.framework in Frameworks */,
				593FADA415FB1ADD00CA156A /* libRestKit.a in Frameworks */,
				593FADA315FB1AC400CA156A /* QuartzCore.framework in Frameworks */,
				593FADA115FB1AB800CA156A /* libxml2.dylib in Frameworks */,
				593FAD9F15FB1A9700CA156A /* SystemConfiguration.framework in Frameworks */,
				593FAD9D15FB1A8B00CA156A /* MobileCoreServices.framework in Frameworks */,
				593FAD9B15FB1A7B00CA156A /* Security.framework in Frameworks */,
				593FAD9915FB1A6800CA156A /* CoreData.framework in Frameworks */,
				593FAD9715FB1A0600CA156A /* CFNetwork.framework in Frameworks */,
				593FA84815FAB3EF00CA156A /* UIKit.framework in Frameworks */,
				593FA84A15FAB3EF00CA156A /* Foundation.framework in Frameworks */,
				593FA84C15FAB3EF00CA156A /* CoreGraphics.framework in Frameworks */,
			);
			runOnlyForDeploymentPostprocessing = 0;
		};
		593FA86015FAB3EF00CA156A /* Frameworks */ = {
			isa = PBXFrameworksBuildPhase;
			buildActionMask = 2147483647;
			files = (
				593FA86615FAB3EF00CA156A /* SenTestingKit.framework in Frameworks */,
				593FA86715FAB3EF00CA156A /* UIKit.framework in Frameworks */,
				593FA86815FAB3EF00CA156A /* Foundation.framework in Frameworks */,
			);
			runOnlyForDeploymentPostprocessing = 0;
		};
/* End PBXFrameworksBuildPhase section */

/* Begin PBXGroup section */
		15F4D45C15FBBC6200B79574 /* Registro */ = {
			isa = PBXGroup;
			children = (
				15F4D45D15FBBC9900B79574 /* RegistroController.h */,
				15F4D45E15FBBC9A00B79574 /* RegistroController.m */,
			);
			name = Registro;
			sourceTree = "<group>";
		};
		15F4D46215FBBCB300B79574 /* Registro */ = {
			isa = PBXGroup;
			children = (
				15F4D45F15FBBC9A00B79574 /* RegistroController.xib */,
			);
			name = Registro;
			sourceTree = "<group>";
		};
		593FA83815FAB3EF00CA156A = {
			isa = PBXGroup;
			children = (
				593FA84D15FAB3EF00CA156A /* CiudadMovilDraconian */,
				593FA86B15FAB3EF00CA156A /* CiudadMovilDraconianTests */,
				593FA84615FAB3EF00CA156A /* Frameworks */,
				593FA84415FAB3EF00CA156A /* Products */,
				593FAD6915FB18D800CA156A /* RestKit.xcodeproj */,
			);
			sourceTree = "<group>";
		};
		593FA84415FAB3EF00CA156A /* Products */ = {
			isa = PBXGroup;
			children = (
				593FA84315FAB3EF00CA156A /* CiudadMovilDraconian.app */,
				593FA86415FAB3EF00CA156A /* CiudadMovilDraconianTests.octest */,
			);
			name = Products;
			sourceTree = "<group>";
		};
		593FA84615FAB3EF00CA156A /* Frameworks */ = {
			isa = PBXGroup;
			children = (
				59FA82B815FB8C6800A048A2 /* MapKit.framework */,
				593FADA215FB1AC400CA156A /* QuartzCore.framework */,
				593FADA015FB1AB800CA156A /* libxml2.dylib */,
				593FAD9E15FB1A9700CA156A /* SystemConfiguration.framework */,
				593FAD9C15FB1A8B00CA156A /* MobileCoreServices.framework */,
				593FAD9A15FB1A7B00CA156A /* Security.framework */,
				593FAD9815FB1A6800CA156A /* CoreData.framework */,
				593FAD9615FB1A0600CA156A /* CFNetwork.framework */,
				593FA84715FAB3EF00CA156A /* UIKit.framework */,
				593FA84915FAB3EF00CA156A /* Foundation.framework */,
				593FA84B15FAB3EF00CA156A /* CoreGraphics.framework */,
				593FA86515FAB3EF00CA156A /* SenTestingKit.framework */,
			);
			name = Frameworks;
			sourceTree = "<group>";
		};
		593FA84D15FAB3EF00CA156A /* CiudadMovilDraconian */ = {
			isa = PBXGroup;
			children = (
				5989FC4B15FBAB35004690EE /* Domain */,
				5989FC3915FB9A86004690EE /* Service */,
				59FA827715FB495000A048A2 /* View */,
				59FA827815FB495F00A048A2 /* Controller */,
				593FAE1515FB405800CA156A /* Resource */,
				593FAE0315FB396900CA156A /* Sync */,
				593FA85615FAB3EF00CA156A /* AppDelegate.h */,
				593FA85715FAB3EF00CA156A /* AppDelegate.m */,
				593FA84E15FAB3EF00CA156A /* Supporting Files */,
			);
			path = CiudadMovilDraconian;
			sourceTree = "<group>";
		};
		593FA84E15FAB3EF00CA156A /* Supporting Files */ = {
			isa = PBXGroup;
			children = (
				593FA84F15FAB3EF00CA156A /* CiudadMovilDraconian-Info.plist */,
				593FA85015FAB3EF00CA156A /* InfoPlist.strings */,
				593FA85315FAB3EF00CA156A /* main.m */,
				593FA85515FAB3EF00CA156A /* CiudadMovilDraconian-Prefix.pch */,
			);
			name = "Supporting Files";
			sourceTree = "<group>";
		};
		593FA86B15FAB3EF00CA156A /* CiudadMovilDraconianTests */ = {
			isa = PBXGroup;
			children = (
				593FA87115FAB3EF00CA156A /* CiudadMovilDraconianTests.h */,
				593FA87215FAB3EF00CA156A /* CiudadMovilDraconianTests.m */,
				593FA86C15FAB3EF00CA156A /* Supporting Files */,
			);
			path = CiudadMovilDraconianTests;
			sourceTree = "<group>";
		};
		593FA86C15FAB3EF00CA156A /* Supporting Files */ = {
			isa = PBXGroup;
			children = (
				593FA86D15FAB3EF00CA156A /* CiudadMovilDraconianTests-Info.plist */,
				593FA86E15FAB3EF00CA156A /* InfoPlist.strings */,
			);
			name = "Supporting Files";
			sourceTree = "<group>";
		};
		593FAD6A15FB18D800CA156A /* Products */ = {
			isa = PBXGroup;
			children = (
				593FAD7515FB18D800CA156A /* libRestKit.a */,
				593FAD7715FB18D800CA156A /* RestKitTests.octest */,
				593FAD7915FB18D800CA156A /* RestKit.framework */,
				593FAD7B15FB18D800CA156A /* RestKitFrameworkTests.octest */,
				593FAD7D15FB18D800CA156A /* RestKitResources.bundle */,
			);
			name = Products;
			sourceTree = "<group>";
		};
		593FAE0315FB396900CA156A /* Sync */ = {
			isa = PBXGroup;
			children = (
				5989FC7715FBBCEE004690EE /* SyncSingleton.h */,
				5989FC7815FBBCEE004690EE /* SyncSingleton.m */,
				5989FC8015FBEFD2004690EE /* WebLoad.h */,
				5989FC8115FBEFD2004690EE /* WebLoad.m */,
			);
			name = Sync;
			sourceTree = "<group>";
		};
		593FAE1515FB405800CA156A /* Resource */ = {
			isa = PBXGroup;
			children = (
				59FA827B15FB502500A048A2 /* Default.png */,
				5989FC3C15FBA373004690EE /* tab-config.png */,
				5989FC3D15FBA373004690EE /* tab-mi-viaje.png */,
				5989FC3E15FBA373004690EE /* tab-taxi-si.png */,
				5989FC3A15FBA33D004690EE /* navigation-bar.png */,
				15F4D47515FBF00400B79574 /* login-boton-registro.png */,
				59FA82BA15FB967300A048A2 /* login-boton-entrar.png */,
				5989FC3715FB9835004690EE /* login-background.png */,
				59FA827915FB501900A048A2 /* taxi-si-launch.png */,
				593FAE2015FB457000CA156A /* icono-taxi-si-retina.png */,
				593FAE1915FB422000CA156A /* icono-taxi-si.png */,
			);
			name = Resource;
			sourceTree = "<group>";
		};
		5989FC3915FB9A86004690EE /* Service */ = {
			isa = PBXGroup;
			children = (
				5989FC4815FBAA9F004690EE /* TaxiSiService.h */,
				5989FC4915FBAA9F004690EE /* TaxiSiService.m */,
				5989FC7D15FBD779004690EE /* TaxiSiType.h */,
				5989FC7E15FBD779004690EE /* TaxiSiType.m */,
			);
			name = Service;
			sourceTree = "<group>";
		};
		5989FC4B15FBAB35004690EE /* Domain */ = {
			isa = PBXGroup;
			children = (
				5989FC4215FBA966004690EE /* TSRequest.h */,
				5989FC4315FBA966004690EE /* TSRequest.m */,
				5989FC4C15FBAB6A004690EE /* TSUser.h */,
				5989FC4D15FBAB6A004690EE /* TSUser.m */,
				5989FC4F15FBAB81004690EE /* TSTaxi.h */,
				5989FC5015FBAB81004690EE /* TSTaxi.m */,
				5989FC5E15FBAF57004690EE /* TSTarjeton.h */,
				5989FC5F15FBAF57004690EE /* TSTarjeton.m */,
				5989FC5B15FBAEAA004690EE /* TSChofer.h */,
				5989FC5C15FBAEAB004690EE /* TSChofer.m */,
				5989FC5215FBACE2004690EE /* TSIncidente.h */,
				5989FC5315FBACE2004690EE /* TSIncidente.m */,
				5989FC5515FBACF2004690EE /* TSObra.h */,
				5989FC5615FBACF2004690EE /* TSObra.m */,
				5989FC5815FBAD18004690EE /* TSSitio.h */,
				5989FC5915FBAD18004690EE /* TSSitio.m */,
				5989FC7A15FBCF6D004690EE /* TSPasajero.h */,
				5989FC7B15FBCF6D004690EE /* TSPasajero.m */,
			);
			name = Domain;
			sourceTree = "<group>";
		};
		59FA827715FB495000A048A2 /* View */ = {
			isa = PBXGroup;
			children = (
				59FA828815FB800700A048A2 /* Configuracion */,
				59FA828615FB7FEC00A048A2 /* MiViaje */,
				59FA828515FB7F6600A048A2 /* TaxiSi */,
				59FA828315FB7F3100A048A2 /* Login */,
				59FA827F15FB7D4500A048A2 /* MainTabViewController.xib */,
			);
			name = View;
			sourceTree = "<group>";
		};
		59FA827815FB495F00A048A2 /* Controller */ = {
			isa = PBXGroup;
			children = (
				59FA828915FB801300A048A2 /* Configuracion */,
				59FA828715FB7FFF00A048A2 /* MiViaje */,
				59FA828415FB7F3E00A048A2 /* TaxiSi */,
				59FA828215FB7F2200A048A2 /* Login */,
				59FA827D15FB7D4500A048A2 /* MainTabViewController.h */,
				59FA827E15FB7D4500A048A2 /* MainTabViewController.m */,
			);
			name = Controller;
			sourceTree = "<group>";
		};
		59FA828215FB7F2200A048A2 /* Login */ = {
			isa = PBXGroup;
			children = (
				15F4D45C15FBBC6200B79574 /* Registro */,
				593FA85915FAB3EF00CA156A /* LoginController.h */,
				593FA85A15FAB3EF00CA156A /* LoginController.m */,
			);
			name = Login;
			sourceTree = "<group>";
		};
		59FA828315FB7F3100A048A2 /* Login */ = {
			isa = PBXGroup;
			children = (
				15F4D46215FBBCB300B79574 /* Registro */,
				593FA85C15FAB3EF00CA156A /* LoginController.xib */,
			);
			name = Login;
			sourceTree = "<group>";
		};
		59FA828415FB7F3E00A048A2 /* TaxiSi */ = {
			isa = PBXGroup;
			children = (
				59FA829E15FB80F800A048A2 /* ParentTaxiSiViewController.h */,
				59FA829F15FB80F800A048A2 /* ParentTaxiSiViewController.m */,
				59FA82A315FB810B00A048A2 /* TaxiSiViewController.h */,
				59FA82A415FB810B00A048A2 /* TaxiSiViewController.m */,
				59FA82A815FB87DF00A048A2 /* CiudadPinAnotation.h */,
				59FA82A915FB87DF00A048A2 /* CiudadPinAnotation.m */,
			);
			name = TaxiSi;
			sourceTree = "<group>";
		};
		59FA828515FB7F6600A048A2 /* TaxiSi */ = {
			isa = PBXGroup;
			children = (
				59FA82A015FB80F800A048A2 /* ParentTaxiSiViewController.xib */,
				59FA82A515FB810B00A048A2 /* TaxiSiViewController.xib */,
			);
			name = TaxiSi;
			sourceTree = "<group>";
		};
		59FA828615FB7FEC00A048A2 /* MiViaje */ = {
			isa = PBXGroup;
			children = (
				59FA829615FB809D00A048A2 /* ParentMiViajeViewController.xib */,
				59FA829B15FB80B500A048A2 /* MiViajeViewController.xib */,
			);
			name = MiViaje;
			sourceTree = "<group>";
		};
		59FA828715FB7FFF00A048A2 /* MiViaje */ = {
			isa = PBXGroup;
			children = (
				59FA829415FB809D00A048A2 /* ParentMiViajeViewController.h */,
				59FA829515FB809D00A048A2 /* ParentMiViajeViewController.m */,
				59FA829915FB80B500A048A2 /* MiViajeViewController.h */,
				59FA829A15FB80B500A048A2 /* MiViajeViewController.m */,
			);
			name = MiViaje;
			sourceTree = "<group>";
		};
		59FA828815FB800700A048A2 /* Configuracion */ = {
			isa = PBXGroup;
			children = (
				59FA828C15FB803F00A048A2 /* ParentConfigViewController.xib */,
				59FA829115FB806300A048A2 /* ConfigViewController.xib */,
			);
			name = Configuracion;
			sourceTree = "<group>";
		};
		59FA828915FB801300A048A2 /* Configuracion */ = {
			isa = PBXGroup;
			children = (
				59FA828A15FB803F00A048A2 /* ParentConfigViewController.h */,
				59FA828B15FB803F00A048A2 /* ParentConfigViewController.m */,
				59FA828F15FB806300A048A2 /* ConfigViewController.h */,
				59FA829015FB806300A048A2 /* ConfigViewController.m */,
			);
			name = Configuracion;
			sourceTree = "<group>";
		};
/* End PBXGroup section */

/* Begin PBXNativeTarget section */
		593FA84215FAB3EF00CA156A /* CiudadMovilDraconian */ = {
			isa = PBXNativeTarget;
			buildConfigurationList = 593FA87615FAB3EF00CA156A /* Build configuration list for PBXNativeTarget "CiudadMovilDraconian" */;
			buildPhases = (
				593FA83F15FAB3EF00CA156A /* Sources */,
				593FA84015FAB3EF00CA156A /* Frameworks */,
				593FA84115FAB3EF00CA156A /* Resources */,
			);
			buildRules = (
			);
			dependencies = (
				593FAD9515FB19EE00CA156A /* PBXTargetDependency */,
			);
			name = CiudadMovilDraconian;
			productName = CiudadMovilDraconian;
			productReference = 593FA84315FAB3EF00CA156A /* CiudadMovilDraconian.app */;
			productType = "com.apple.product-type.application";
		};
		593FA86315FAB3EF00CA156A /* CiudadMovilDraconianTests */ = {
			isa = PBXNativeTarget;
			buildConfigurationList = 593FA87915FAB3EF00CA156A /* Build configuration list for PBXNativeTarget "CiudadMovilDraconianTests" */;
			buildPhases = (
				593FA85F15FAB3EF00CA156A /* Sources */,
				593FA86015FAB3EF00CA156A /* Frameworks */,
				593FA86115FAB3EF00CA156A /* Resources */,
				593FA86215FAB3EF00CA156A /* ShellScript */,
			);
			buildRules = (
			);
			dependencies = (
				593FA86A15FAB3EF00CA156A /* PBXTargetDependency */,
			);
			name = CiudadMovilDraconianTests;
			productName = CiudadMovilDraconianTests;
			productReference = 593FA86415FAB3EF00CA156A /* CiudadMovilDraconianTests.octest */;
			productType = "com.apple.product-type.bundle";
		};
/* End PBXNativeTarget section */

/* Begin PBXProject section */
		593FA83A15FAB3EF00CA156A /* Project object */ = {
			isa = PBXProject;
			attributes = {
				LastUpgradeCheck = 0430;
			};
			buildConfigurationList = 593FA83D15FAB3EF00CA156A /* Build configuration list for PBXProject "CiudadMovilDraconian" */;
			compatibilityVersion = "Xcode 3.2";
			developmentRegion = English;
			hasScannedForEncodings = 0;
			knownRegions = (
				en,
			);
			mainGroup = 593FA83815FAB3EF00CA156A;
			productRefGroup = 593FA84415FAB3EF00CA156A /* Products */;
			projectDirPath = "";
			projectReferences = (
				{
					ProductGroup = 593FAD6A15FB18D800CA156A /* Products */;
					ProjectRef = 593FAD6915FB18D800CA156A /* RestKit.xcodeproj */;
				},
			);
			projectRoot = "";
			targets = (
				593FA84215FAB3EF00CA156A /* CiudadMovilDraconian */,
				593FA86315FAB3EF00CA156A /* CiudadMovilDraconianTests */,
			);
		};
/* End PBXProject section */

/* Begin PBXReferenceProxy section */
		593FAD7515FB18D800CA156A /* libRestKit.a */ = {
			isa = PBXReferenceProxy;
			fileType = archive.ar;
			path = libRestKit.a;
			remoteRef = 593FAD7415FB18D800CA156A /* PBXContainerItemProxy */;
			sourceTree = BUILT_PRODUCTS_DIR;
		};
		593FAD7715FB18D800CA156A /* RestKitTests.octest */ = {
			isa = PBXReferenceProxy;
			fileType = wrapper.cfbundle;
			path = RestKitTests.octest;
			remoteRef = 593FAD7615FB18D800CA156A /* PBXContainerItemProxy */;
			sourceTree = BUILT_PRODUCTS_DIR;
		};
		593FAD7915FB18D800CA156A /* RestKit.framework */ = {
			isa = PBXReferenceProxy;
			fileType = wrapper.framework;
			path = RestKit.framework;
			remoteRef = 593FAD7815FB18D800CA156A /* PBXContainerItemProxy */;
			sourceTree = BUILT_PRODUCTS_DIR;
		};
		593FAD7B15FB18D800CA156A /* RestKitFrameworkTests.octest */ = {
			isa = PBXReferenceProxy;
			fileType = wrapper.cfbundle;
			path = RestKitFrameworkTests.octest;
			remoteRef = 593FAD7A15FB18D800CA156A /* PBXContainerItemProxy */;
			sourceTree = BUILT_PRODUCTS_DIR;
		};
		593FAD7D15FB18D800CA156A /* RestKitResources.bundle */ = {
			isa = PBXReferenceProxy;
			fileType = wrapper.cfbundle;
			path = RestKitResources.bundle;
			remoteRef = 593FAD7C15FB18D800CA156A /* PBXContainerItemProxy */;
			sourceTree = BUILT_PRODUCTS_DIR;
		};
/* End PBXReferenceProxy section */

/* Begin PBXResourcesBuildPhase section */
		593FA84115FAB3EF00CA156A /* Resources */ = {
			isa = PBXResourcesBuildPhase;
			buildActionMask = 2147483647;
			files = (
				593FA85215FAB3EF00CA156A /* InfoPlist.strings in Resources */,
				593FA85E15FAB3EF00CA156A /* LoginController.xib in Resources */,
				593FAE1B15FB422000CA156A /* icono-taxi-si.png in Resources */,
				593FAE2115FB457000CA156A /* icono-taxi-si-retina.png in Resources */,
				59FA827A15FB501900A048A2 /* taxi-si-launch.png in Resources */,
				59FA827C15FB502500A048A2 /* Default.png in Resources */,
				59FA828115FB7D4500A048A2 /* MainTabViewController.xib in Resources */,
				59FA828E15FB803F00A048A2 /* ParentConfigViewController.xib in Resources */,
				59FA829315FB806300A048A2 /* ConfigViewController.xib in Resources */,
				59FA829815FB809D00A048A2 /* ParentMiViajeViewController.xib in Resources */,
				59FA829D15FB80B500A048A2 /* MiViajeViewController.xib in Resources */,
				59FA82A215FB80F800A048A2 /* ParentTaxiSiViewController.xib in Resources */,
				59FA82A715FB810B00A048A2 /* TaxiSiViewController.xib in Resources */,
				59FA82BD15FB967300A048A2 /* login-boton-entrar.png in Resources */,
				5989FC3815FB9835004690EE /* login-background.png in Resources */,
				5989FC3B15FBA33D004690EE /* navigation-bar.png in Resources */,
				5989FC3F15FBA373004690EE /* tab-config.png in Resources */,
				5989FC4015FBA373004690EE /* tab-mi-viaje.png in Resources */,
				5989FC4115FBA373004690EE /* tab-taxi-si.png in Resources */,
				15F4D46115FBBC9B00B79574 /* RegistroController.xib in Resources */,
				15F4D47615FBF00400B79574 /* login-boton-registro.png in Resources */,
			);
			runOnlyForDeploymentPostprocessing = 0;
		};
		593FA86115FAB3EF00CA156A /* Resources */ = {
			isa = PBXResourcesBuildPhase;
			buildActionMask = 2147483647;
			files = (
				593FA87015FAB3EF00CA156A /* InfoPlist.strings in Resources */,
			);
			runOnlyForDeploymentPostprocessing = 0;
		};
/* End PBXResourcesBuildPhase section */

/* Begin PBXShellScriptBuildPhase section */
		593FA86215FAB3EF00CA156A /* ShellScript */ = {
			isa = PBXShellScriptBuildPhase;
			buildActionMask = 2147483647;
			files = (
			);
			inputPaths = (
			);
			outputPaths = (
			);
			runOnlyForDeploymentPostprocessing = 0;
			shellPath = /bin/sh;
			shellScript = "# Run the unit tests in this test bundle.\n\"${SYSTEM_DEVELOPER_DIR}/Tools/RunUnitTests\"\n";
		};
/* End PBXShellScriptBuildPhase section */

/* Begin PBXSourcesBuildPhase section */
		593FA83F15FAB3EF00CA156A /* Sources */ = {
			isa = PBXSourcesBuildPhase;
			buildActionMask = 2147483647;
			files = (
				593FA85415FAB3EF00CA156A /* main.m in Sources */,
				593FA85815FAB3EF00CA156A /* AppDelegate.m in Sources */,
				593FA85B15FAB3EF00CA156A /* LoginController.m in Sources */,
				59FA828015FB7D4500A048A2 /* MainTabViewController.m in Sources */,
				59FA828D15FB803F00A048A2 /* ParentConfigViewController.m in Sources */,
				59FA829215FB806300A048A2 /* ConfigViewController.m in Sources */,
				59FA829715FB809D00A048A2 /* ParentMiViajeViewController.m in Sources */,
				59FA829C15FB80B500A048A2 /* MiViajeViewController.m in Sources */,
				59FA82A115FB80F800A048A2 /* ParentTaxiSiViewController.m in Sources */,
				59FA82A615FB810B00A048A2 /* TaxiSiViewController.m in Sources */,
				59FA82AA15FB87DF00A048A2 /* CiudadPinAnotation.m in Sources */,
				5989FC4415FBA966004690EE /* TSRequest.m in Sources */,
				5989FC4A15FBAA9F004690EE /* TaxiSiService.m in Sources */,
				5989FC4E15FBAB6A004690EE /* TSUser.m in Sources */,
				5989FC5115FBAB81004690EE /* TSTaxi.m in Sources */,
				5989FC5415FBACE2004690EE /* TSIncidente.m in Sources */,
				5989FC5715FBACF2004690EE /* TSObra.m in Sources */,
				5989FC5A15FBAD18004690EE /* TSSitio.m in Sources */,
				5989FC5D15FBAEAB004690EE /* TSChofer.m in Sources */,
				5989FC6015FBAF57004690EE /* TSTarjeton.m in Sources */,
				15F4D46015FBBC9B00B79574 /* RegistroController.m in Sources */,
				5989FC7915FBBCEE004690EE /* SyncSingleton.m in Sources */,
				5989FC7C15FBCF6D004690EE /* TSPasajero.m in Sources */,
				5989FC7F15FBD779004690EE /* TaxiSiType.m in Sources */,
				5989FC8215FBEFD2004690EE /* WebLoad.m in Sources */,
			);
			runOnlyForDeploymentPostprocessing = 0;
		};
		593FA85F15FAB3EF00CA156A /* Sources */ = {
			isa = PBXSourcesBuildPhase;
			buildActionMask = 2147483647;
			files = (
				593FA87315FAB3EF00CA156A /* CiudadMovilDraconianTests.m in Sources */,
			);
			runOnlyForDeploymentPostprocessing = 0;
		};
/* End PBXSourcesBuildPhase section */

/* Begin PBXTargetDependency section */
		593FA86A15FAB3EF00CA156A /* PBXTargetDependency */ = {
			isa = PBXTargetDependency;
			target = 593FA84215FAB3EF00CA156A /* CiudadMovilDraconian */;
			targetProxy = 593FA86915FAB3EF00CA156A /* PBXContainerItemProxy */;
		};
		593FAD9515FB19EE00CA156A /* PBXTargetDependency */ = {
			isa = PBXTargetDependency;
			name = RestKit;
			targetProxy = 593FAD9415FB19EE00CA156A /* PBXContainerItemProxy */;
		};
/* End PBXTargetDependency section */

/* Begin PBXVariantGroup section */
		593FA85015FAB3EF00CA156A /* InfoPlist.strings */ = {
			isa = PBXVariantGroup;
			children = (
				593FA85115FAB3EF00CA156A /* en */,
			);
			name = InfoPlist.strings;
			sourceTree = "<group>";
		};
		593FA85C15FAB3EF00CA156A /* LoginController.xib */ = {
			isa = PBXVariantGroup;
			children = (
				593FA85D15FAB3EF00CA156A /* en */,
			);
			name = LoginController.xib;
			sourceTree = "<group>";
		};
		593FA86E15FAB3EF00CA156A /* InfoPlist.strings */ = {
			isa = PBXVariantGroup;
			children = (
				593FA86F15FAB3EF00CA156A /* en */,
			);
			name = InfoPlist.strings;
			sourceTree = "<group>";
		};
/* End PBXVariantGroup section */

/* Begin XCBuildConfiguration section */
		593FA87415FAB3EF00CA156A /* Debug */ = {
			isa = XCBuildConfiguration;
			buildSettings = {
				ALWAYS_SEARCH_USER_PATHS = NO;
				ARCHS = "$(ARCHS_STANDARD_32_BIT)";
				CLANG_ENABLE_OBJC_ARC = YES;
				"CODE_SIGN_IDENTITY[sdk=iphoneos*]" = "iPhone Developer";
				COPY_PHASE_STRIP = NO;
				GCC_C_LANGUAGE_STANDARD = gnu99;
				GCC_DYNAMIC_NO_PIC = NO;
				GCC_OPTIMIZATION_LEVEL = 0;
				GCC_PREPROCESSOR_DEFINITIONS = (
					"DEBUG=1",
					"$(inherited)",
				);
				GCC_SYMBOLS_PRIVATE_EXTERN = NO;
				GCC_VERSION = com.apple.compilers.llvm.clang.1_0;
				GCC_WARN_ABOUT_RETURN_TYPE = YES;
				GCC_WARN_UNINITIALIZED_AUTOS = YES;
				GCC_WARN_UNUSED_VARIABLE = YES;
				HEADER_SEARCH_PATHS = "\"$(BUILT_PRODUCTS_DIR)/../../Headers\"";
				IPHONEOS_DEPLOYMENT_TARGET = 5.1;
				OTHER_LDFLAGS = (
					"-all_load",
					"-ObjC",
				);
				SDKROOT = iphoneos;
			};
			name = Debug;
		};
		593FA87515FAB3EF00CA156A /* Release */ = {
			isa = XCBuildConfiguration;
			buildSettings = {
				ALWAYS_SEARCH_USER_PATHS = NO;
				ARCHS = "$(ARCHS_STANDARD_32_BIT)";
				CLANG_ENABLE_OBJC_ARC = YES;
				"CODE_SIGN_IDENTITY[sdk=iphoneos*]" = "iPhone Developer";
				COPY_PHASE_STRIP = YES;
				GCC_C_LANGUAGE_STANDARD = gnu99;
				GCC_VERSION = com.apple.compilers.llvm.clang.1_0;
				GCC_WARN_ABOUT_RETURN_TYPE = YES;
				GCC_WARN_UNINITIALIZED_AUTOS = YES;
				GCC_WARN_UNUSED_VARIABLE = YES;
				HEADER_SEARCH_PATHS = "\"$(BUILT_PRODUCTS_DIR)/../../Headers\"";
				IPHONEOS_DEPLOYMENT_TARGET = 5.1;
				OTHER_CFLAGS = "-DNS_BLOCK_ASSERTIONS=1";
				OTHER_LDFLAGS = (
					"-all_load",
					"-ObjC",
				);
				SDKROOT = iphoneos;
				VALIDATE_PRODUCT = YES;
			};
			name = Release;
		};
		593FA87715FAB3EF00CA156A /* Debug */ = {
			isa = XCBuildConfiguration;
			buildSettings = {
				FRAMEWORK_SEARCH_PATHS = (
					"$(inherited)",
					"\"$(SRCROOT)/RestKit/Tests/Vendor/OCHamcrest\"",
				);
				GCC_PRECOMPILE_PREFIX_HEADER = YES;
				GCC_PREFIX_HEADER = "CiudadMovilDraconian/CiudadMovilDraconian-Prefix.pch";
				INFOPLIST_FILE = "CiudadMovilDraconian/CiudadMovilDraconian-Info.plist";
				PRODUCT_NAME = "$(TARGET_NAME)";
				WRAPPER_EXTENSION = app;
			};
			name = Debug;
		};
		593FA87815FAB3EF00CA156A /* Release */ = {
			isa = XCBuildConfiguration;
			buildSettings = {
				FRAMEWORK_SEARCH_PATHS = (
					"$(inherited)",
					"\"$(SRCROOT)/RestKit/Tests/Vendor/OCHamcrest\"",
				);
				GCC_PRECOMPILE_PREFIX_HEADER = YES;
				GCC_PREFIX_HEADER = "CiudadMovilDraconian/CiudadMovilDraconian-Prefix.pch";
				INFOPLIST_FILE = "CiudadMovilDraconian/CiudadMovilDraconian-Info.plist";
				PRODUCT_NAME = "$(TARGET_NAME)";
				WRAPPER_EXTENSION = app;
			};
			name = Release;
		};
		593FA87A15FAB3EF00CA156A /* Debug */ = {
			isa = XCBuildConfiguration;
			buildSettings = {
				BUNDLE_LOADER = "$(BUILT_PRODUCTS_DIR)/CiudadMovilDraconian.app/CiudadMovilDraconian";
				FRAMEWORK_SEARCH_PATHS = (
					"$(SDKROOT)/Developer/Library/Frameworks",
					"$(DEVELOPER_LIBRARY_DIR)/Frameworks",
				);
				GCC_PRECOMPILE_PREFIX_HEADER = YES;
				GCC_PREFIX_HEADER = "CiudadMovilDraconian/CiudadMovilDraconian-Prefix.pch";
				INFOPLIST_FILE = "CiudadMovilDraconianTests/CiudadMovilDraconianTests-Info.plist";
				PRODUCT_NAME = "$(TARGET_NAME)";
				TEST_HOST = "$(BUNDLE_LOADER)";
				WRAPPER_EXTENSION = octest;
			};
			name = Debug;
		};
		593FA87B15FAB3EF00CA156A /* Release */ = {
			isa = XCBuildConfiguration;
			buildSettings = {
				BUNDLE_LOADER = "$(BUILT_PRODUCTS_DIR)/CiudadMovilDraconian.app/CiudadMovilDraconian";
				FRAMEWORK_SEARCH_PATHS = (
					"$(SDKROOT)/Developer/Library/Frameworks",
					"$(DEVELOPER_LIBRARY_DIR)/Frameworks",
				);
				GCC_PRECOMPILE_PREFIX_HEADER = YES;
				GCC_PREFIX_HEADER = "CiudadMovilDraconian/CiudadMovilDraconian-Prefix.pch";
				INFOPLIST_FILE = "CiudadMovilDraconianTests/CiudadMovilDraconianTests-Info.plist";
				PRODUCT_NAME = "$(TARGET_NAME)";
				TEST_HOST = "$(BUNDLE_LOADER)";
				WRAPPER_EXTENSION = octest;
			};
			name = Release;
		};
/* End XCBuildConfiguration section */

/* Begin XCConfigurationList section */
		593FA83D15FAB3EF00CA156A /* Build configuration list for PBXProject "CiudadMovilDraconian" */ = {
			isa = XCConfigurationList;
			buildConfigurations = (
				593FA87415FAB3EF00CA156A /* Debug */,
				593FA87515FAB3EF00CA156A /* Release */,
			);
			defaultConfigurationIsVisible = 0;
			defaultConfigurationName = Release;
		};
		593FA87615FAB3EF00CA156A /* Build configuration list for PBXNativeTarget "CiudadMovilDraconian" */ = {
			isa = XCConfigurationList;
			buildConfigurations = (
				593FA87715FAB3EF00CA156A /* Debug */,
				593FA87815FAB3EF00CA156A /* Release */,
			);
			defaultConfigurationIsVisible = 0;
			defaultConfigurationName = Release;
		};
		593FA87915FAB3EF00CA156A /* Build configuration list for PBXNativeTarget "CiudadMovilDraconianTests" */ = {
			isa = XCConfigurationList;
			buildConfigurations = (
				593FA87A15FAB3EF00CA156A /* Debug */,
				593FA87B15FAB3EF00CA156A /* Release */,
			);
			defaultConfigurationIsVisible = 0;
			defaultConfigurationName = Release;
		};
/* End XCConfigurationList section */
	};
	rootObject = 593FA83A15FAB3EF00CA156A /* Project object */;
}
